
Microsoft Visual Studio Solution File, Format Version 12.00
# Visual Studio 14
VisualStudioVersion = 14.0.25420.1
MinimumVisualStudioVersion = 10.0.40219.1
Project("{8BC9CEB8-8B4A-11D0-8D11-00A0C91BC942}") = "task1", "STL_containers\STL_containers.vcxproj", "{1251832B-8594-4DD3-A3AE-B50E29199DCE}"
EndProject
Project("{8BC9CEB8-8B4A-11D0-8D11-00A0C91BC942}") = "task2", "task2\task2.vcxproj", "{7761315A-FFF9-45C7-BD10-3290C8B61464}"
EndProject
Project("{8BC9CEB8-8B4A-11D0-8D11-00A0C91BC942}") = "task3", "task3\task3.vcxproj", "{504EB7C6-40F6-4A07-BE0E-53400C99DE69}"
EndProject
Global
	GlobalSection(SolutionConfigurationPlatforms) = preSolution
		Debug|x64 = Debug|x64
		Debug|x86 = Debug|x86
		Release|x64 = Release|x64
		Release|x86 = Release|x86
	EndGlobalSection
	GlobalSection(ProjectConfigurationPlatforms) = postSolution
		{1251832B-8594-4DD3-A3AE-B50E29199DCE}.Debug|x64.ActiveCfg = Debug|x64
		{1251832B-8594-4DD3-A3AE-B50E29199DCE}.Debug|x64.Build.0 = Debug|x64
		{1251832B-8594-4DD3-A3AE-B50E29199DCE}.Debug|x86.ActiveCfg = Debug|Win32
		{1251832B-8594-4DD3-A3AE-B50E29199DCE}.Debug|x86.Build.0 = Debug|Win32
		{1251832B-8594-4DD3-A3AE-B50E29199DCE}.Release|x64.ActiveCfg = Release|x64
		{1251832B-8594-4DD3-A3AE-B50E29199DCE}.Release|x64.Build.0 = Release|x64
		{1251832B-8594-4DD3-A3AE-B50E29199DCE}.Release|x86.ActiveCfg = Release|Win32
		{1251832B-8594-4DD3-A3AE-B50E29199DCE}.Release|x86.Build.0 = Release|Win32
		{7761315A-FFF9-45C7-BD10-3290C8B61464}.Debug|x64.ActiveCfg = Debug|x64
		{7761315A-FFF9-45C7-BD10-3290C8B61464}.Debug|x64.Build.0 = Debug|x64
		{7761315A-FFF9-45C7-BD10-3290C8B61464}.Debug|x86.ActiveCfg = Debug|Win32
		{7761315A-FFF9-45C7-BD10-3290C8B61464}.Debug|x86.Build.0 = Debug|Win32
		{7761315A-FFF9-45C7-BD10-3290C8B61464}.Release|x64.ActiveCfg = Release|x64
		{7761315A-FFF9-45C7-BD10-3290C8B61464}.Release|x64.Build.0 = Release|x64
		{7761315A-FFF9-45C7-BD10-3290C8B61464}.Release|x86.ActiveCfg = Release|Win32
		{7761315A-FFF9-45C7-BD10-3290C8B61464}.Release|x86.Build.0 = Release|Win32
		{504EB7C6-40F6-4A07-BE0E-53400C99DE69}.Debug|x64.ActiveCfg = Debug|x64
		{504EB7C6-40F6-4A07-BE0E-53400C99DE69}.Debug|x64.Build.0 = Debug|x64
		{504EB7C6-40F6-4A07-BE0E-53400C99DE69}.Debug|x86.ActiveCfg = Debug|Win32
		{504EB7C6-40F6-4A07-BE0E-53400C99DE69}.Debug|x86.Build.0 = Debug|Win32
		{504EB7C6-40F6-4A07-BE0E-53400C99DE69}.Release|x64.ActiveCfg = Release|x64
		{504EB7C6-40F6-4A07-BE0E-53400C99DE69}.Release|x64.Build.0 = Release|x64
		{504EB7C6-40F6-4A07-BE0E-53400C99DE69}.Release|x86.ActiveCfg = Release|Win32
		{504EB7C6-40F6-4A07-BE0E-53400C99DE69}.Release|x86.Build.0 = Release|Win32
	EndGlobalSection
	GlobalSection(SolutionProperties) = preSolution
		HideSolutionNode = FALSE
	EndGlobalSection
EndGlobal
